
Microsoft Visual Studio Solution File, Format Version 12.00
# Visual Studio Version 17
VisualStudioVersion = 17.4.33110.190
MinimumVisualStudioVersion = 10.0.40219.1
Project("{FAE04EC0-301F-11D3-BF4B-00C04F79EFBC}") = "Karaoke.CDG", "Karaoke.CDG\Karaoke.CDG.csproj", "{F213A5A1-AD13-4938-BB40-6C0FD0FB4473}"
EndProject
Global
	GlobalSection(SolutionConfigurationPlatforms) = preSolution
		Debug|Any CPU = Debug|Any CPU
		Release|Any CPU = Release|Any CPU
	EndGlobalSection
	GlobalSection(ProjectConfigurationPlatforms) = postSolution
		{F213A5A1-AD13-4938-BB40-6C0FD0FB4473}.Debug|Any CPU.ActiveCfg = Debug|Any CPU
		{F213A5A1-AD13-4938-BB40-6C0FD0FB4473}.Debug|Any CPU.Build.0 = Debug|Any CPU
		{F213A5A1-AD13-4938-BB40-6C0FD0FB4473}.Release|Any CPU.ActiveCfg = Release|Any CPU
		{F213A5A1-AD13-4938-BB40-6C0FD0FB4473}.Release|Any CPU.Build.0 = Release|Any CPU
	EndGlobalSection
	GlobalSection(SolutionProperties) = preSolution
		HideSolutionNode = FALSE
	EndGlobalSection
	GlobalSection(ExtensibilityGlobals) = postSolution
		SolutionGuid = {A4A987BA-B437-4799-95BC-A30AC1025B74}
	EndGlobalSection
EndGlobal
